
Microsoft Visual Studio Solution File, Format Version 12.00
# Visual Studio Version 17
VisualStudioVersion = 17.7.34202.233
MinimumVisualStudioVersion = 10.0.40219.1
Project("{FAE04EC0-301F-11D3-BF4B-00C04F79EFBC}") = "Explorer", "Explorer\Explorer.csproj", "{1A9403A2-E26C-41DC-9592-F069A903C8C3}"
EndProject
Global
	GlobalSection(SolutionConfigurationPlatforms) = preSolution
		Debug|Any CPU = Debug|Any CPU
		Release|Any CPU = Release|Any CPU
	EndGlobalSection
	GlobalSection(ProjectConfigurationPlatforms) = postSolution
		{1A9403A2-E26C-41DC-9592-F069A903C8C3}.Debug|Any CPU.ActiveCfg = Debug|Any CPU
		{1A9403A2-E26C-41DC-9592-F069A903C8C3}.Debug|Any CPU.Build.0 = Debug|Any CPU
		{1A9403A2-E26C-41DC-9592-F069A903C8C3}.Release|Any CPU.ActiveCfg = Release|Any CPU
		{1A9403A2-E26C-41DC-9592-F069A903C8C3}.Release|Any CPU.Build.0 = Release|Any CPU
	EndGlobalSection
	GlobalSection(SolutionProperties) = preSolution
		HideSolutionNode = FALSE
	EndGlobalSection
	GlobalSection(ExtensibilityGlobals) = postSolution
		SolutionGuid = {59262D1F-262F-4D76-A1C1-9740E5C74A87}
	EndGlobalSection
EndGlobal
